
Microsoft Visual Studio Solution File, Format Version 12.00
# Visual Studio Version 17
VisualStudioVersion = 17.0.31919.166
MinimumVisualStudioVersion = 10.0.40219.1
Project("{FAE04EC0-301F-11D3-BF4B-00C04F79EFBC}") = "DiaryApp", "DiaryApp.csproj", "{DCFE5F4A-9FDD-49AD-96AC-9C2E70D875CB}"
EndProject
Global
	GlobalSection(SolutionConfigurationPlatforms) = preSolution
		Debug|Any CPU = Debug|Any CPU
		Release|Any CPU = Release|Any CPU
	EndGlobalSection
	GlobalSection(ProjectConfigurationPlatforms) = postSolution
		{DCFE5F4A-9FDD-49AD-96AC-9C2E70D875CB}.Debug|Any CPU.ActiveCfg = Debug|Any CPU
		{DCFE5F4A-9FDD-49AD-96AC-9C2E70D875CB}.Debug|Any CPU.Build.0 = Debug|Any CPU
		{DCFE5F4A-9FDD-49AD-96AC-9C2E70D875CB}.Release|Any CPU.ActiveCfg = Release|Any CPU
		{DCFE5F4A-9FDD-49AD-96AC-9C2E70D875CB}.Release|Any CPU.Build.0 = Release|Any CPU
	EndGlobalSection
	GlobalSection(SolutionProperties) = preSolution
		HideSolutionNode = FALSE
	EndGlobalSection
	GlobalSection(ExtensibilityGlobals) = postSolution
		SolutionGuid = {489BFA27-B3ED-4905-A703-51DA4848386B}
	EndGlobalSection
EndGlobal
